// !$*UTF8*$!
{
	archiveVersion = 1;
	classes = {
	};
	objectVersion = 50;
	objects = {

/* Begin PBXBuildFile section */
		FC162B9D276D1CBE00738380 /* UserModel.swift in Sources */ = {isa = PBXBuildFile; fileRef = FC162B9C276D1CBE00738380 /* UserModel.swift */; };
		FC25B89F276E1C26001F52B7 /* AboutMeViewController.swift in Sources */ = {isa = PBXBuildFile; fileRef = FC25B89E276E1C26001F52B7 /* AboutMeViewController.swift */; };
		FC9632F5276863A1006C891C /* AppDelegate.swift in Sources */ = {isa = PBXBuildFile; fileRef = FC9632F4276863A1006C891C /* AppDelegate.swift */; };
		FC9632F7276863A1006C891C /* SceneDelegate.swift in Sources */ = {isa = PBXBuildFile; fileRef = FC9632F6276863A1006C891C /* SceneDelegate.swift */; };
		FC9632F9276863A1006C891C /* LoginViewController.swift in Sources */ = {isa = PBXBuildFile; fileRef = FC9632F8276863A1006C891C /* LoginViewController.swift */; };
		FC9632FC276863A1006C891C /* Main.storyboard in Resources */ = {isa = PBXBuildFile; fileRef = FC9632FA276863A1006C891C /* Main.storyboard */; };
		FC9632FE276863A2006C891C /* Assets.xcassets in Resources */ = {isa = PBXBuildFile; fileRef = FC9632FD276863A2006C891C /* Assets.xcassets */; };
		FC963301276863A2006C891C /* LaunchScreen.storyboard in Resources */ = {isa = PBXBuildFile; fileRef = FC9632FF276863A2006C891C /* LaunchScreen.storyboard */; };
		FC9633092768666E006C891C /* WelcomeViewController.swift in Sources */ = {isa = PBXBuildFile; fileRef = FC9633082768666E006C891C /* WelcomeViewController.swift */; };
/* End PBXBuildFile section */

/* Begin PBXFileReference section */
		FC162B9C276D1CBE00738380 /* UserModel.swift */ = {isa = PBXFileReference; lastKnownFileType = sourcecode.swift; path = UserModel.swift; sourceTree = "<group>"; };
		FC25B89E276E1C26001F52B7 /* AboutMeViewController.swift */ = {isa = PBXFileReference; lastKnownFileType = sourcecode.swift; path = AboutMeViewController.swift; sourceTree = "<group>"; };
		FC9632F1276863A1006C891C /* AuthorizationApp.app */ = {isa = PBXFileReference; explicitFileType = wrapper.application; includeInIndex = 0; path = AuthorizationApp.app; sourceTree = BUILT_PRODUCTS_DIR; };
		FC9632F4276863A1006C891C /* AppDelegate.swift */ = {isa = PBXFileReference; lastKnownFileType = sourcecode.swift; path = AppDelegate.swift; sourceTree = "<group>"; };
		FC9632F6276863A1006C891C /* SceneDelegate.swift */ = {isa = PBXFileReference; lastKnownFileType = sourcecode.swift; path = SceneDelegate.swift; sourceTree = "<group>"; };
		FC9632F8276863A1006C891C /* LoginViewController.swift */ = {isa = PBXFileReference; lastKnownFileType = sourcecode.swift; path = LoginViewController.swift; sourceTree = "<group>"; };
		FC9632FB276863A1006C891C /* Base */ = {isa = PBXFileReference; lastKnownFileType = file.storyboard; name = Base; path = Base.lproj/Main.storyboard; sourceTree = "<group>"; };
		FC9632FD276863A2006C891C /* Assets.xcassets */ = {isa = PBXFileReference; lastKnownFileType = folder.assetcatalog; path = Assets.xcassets; sourceTree = "<group>"; };
		FC963300276863A2006C891C /* Base */ = {isa = PBXFileReference; lastKnownFileType = file.storyboard; name = Base; path = Base.lproj/LaunchScreen.storyboard; sourceTree = "<group>"; };
		FC963302276863A2006C891C /* Info.plist */ = {isa = PBXFileReference; lastKnownFileType = text.plist.xml; path = Info.plist; sourceTree = "<group>"; };
		FC9633082768666E006C891C /* WelcomeViewController.swift */ = {isa = PBXFileReference; lastKnownFileType = sourcecode.swift; path = WelcomeViewController.swift; sourceTree = "<group>"; };
/* End PBXFileReference section */

/* Begin PBXFrameworksBuildPhase section */
		FC9632EE276863A1006C891C /* Frameworks */ = {
			isa = PBXFrameworksBuildPhase;
			buildActionMask = 2147483647;
			files = (
			);
			runOnlyForDeploymentPostprocessing = 0;
		};
/* End PBXFrameworksBuildPhase section */

/* Begin PBXGroup section */
		FC162B99276D1C2D00738380 /* ViewControllers */ = {
			isa = PBXGroup;
			children = (
				FC9632F8276863A1006C891C /* LoginViewController.swift */,
				FC25B89E276E1C26001F52B7 /* AboutMeViewController.swift */,
				FC9633082768666E006C891C /* WelcomeViewController.swift */,
			);
			path = ViewControllers;
			sourceTree = "<group>";
		};
		FC162B9A276D1C6D00738380 /* Storyboards */ = {
			isa = PBXGroup;
			children = (
				FC9632FA276863A1006C891C /* Main.storyboard */,
				FC9632FF276863A2006C891C /* LaunchScreen.storyboard */,
			);
			path = Storyboards;
			sourceTree = "<group>";
		};
		FC162B9B276D1C8D00738380 /* Models */ = {
			isa = PBXGroup;
			children = (
				FC162B9C276D1CBE00738380 /* UserModel.swift */,
			);
			path = Models;
			sourceTree = "<group>";
		};
		FC162B9E276D1E2A00738380 /* Resources */ = {
			isa = PBXGroup;
			children = (
				FC9632FD276863A2006C891C /* Assets.xcassets */,
			);
			path = Resources;
			sourceTree = "<group>";
		};
		FC162B9F276D1E6500738380 /* SupportFiles */ = {
			isa = PBXGroup;
			children = (
				FC963302276863A2006C891C /* Info.plist */,
				FC9632F4276863A1006C891C /* AppDelegate.swift */,
				FC9632F6276863A1006C891C /* SceneDelegate.swift */,
			);
			path = SupportFiles;
			sourceTree = "<group>";
		};
		FC9632E8276863A1006C891C = {
			isa = PBXGroup;
			children = (
				FC9632F3276863A1006C891C /* AuthorizationApp */,
				FC9632F2276863A1006C891C /* Products */,
			);
			sourceTree = "<group>";
		};
		FC9632F2276863A1006C891C /* Products */ = {
			isa = PBXGroup;
			children = (
				FC9632F1276863A1006C891C /* AuthorizationApp.app */,
			);
			name = Products;
			sourceTree = "<group>";
		};
		FC9632F3276863A1006C891C /* AuthorizationApp */ = {
			isa = PBXGroup;
			children = (
				FC162B9F276D1E6500738380 /* SupportFiles */,
				FC162B9B276D1C8D00738380 /* Models */,
				FC162B99276D1C2D00738380 /* ViewControllers */,
				FC162B9A276D1C6D00738380 /* Storyboards */,
				FC162B9E276D1E2A00738380 /* Resources */,
			);
			path = AuthorizationApp;
			sourceTree = "<group>";
		};
/* End PBXGroup section */

/* Begin PBXNativeTarget section */
		FC9632F0276863A1006C891C /* AuthorizationApp */ = {
			isa = PBXNativeTarget;
			buildConfigurationList = FC963305276863A2006C891C /* Build configuration list for PBXNativeTarget "AuthorizationApp" */;
			buildPhases = (
				FC9632ED276863A1006C891C /* Sources */,
				FC9632EE276863A1006C891C /* Frameworks */,
				FC9632EF276863A1006C891C /* Resources */,
			);
			buildRules = (
			);
			dependencies = (
			);
			name = AuthorizationApp;
			productName = AuthorizationApp;
			productReference = FC9632F1276863A1006C891C /* AuthorizationApp.app */;
			productType = "com.apple.product-type.application";
		};
/* End PBXNativeTarget section */

/* Begin PBXProject section */
		FC9632E9276863A1006C891C /* Project object */ = {
			isa = PBXProject;
			attributes = {
				LastSwiftUpdateCheck = 1250;
				LastUpgradeCheck = 1250;
				TargetAttributes = {
					FC9632F0276863A1006C891C = {
						CreatedOnToolsVersion = 12.5.1;
					};
				};
			};
			buildConfigurationList = FC9632EC276863A1006C891C /* Build configuration list for PBXProject "AuthorizationApp" */;
			compatibilityVersion = "Xcode 9.3";
			developmentRegion = en;
			hasScannedForEncodings = 0;
			knownRegions = (
				en,
				Base,
			);
			mainGroup = FC9632E8276863A1006C891C;
			productRefGroup = FC9632F2276863A1006C891C /* Products */;
			projectDirPath = "";
			projectRoot = "";
			targets = (
				FC9632F0276863A1006C891C /* AuthorizationApp */,
			);
		};
/* End PBXProject section */

/* Begin PBXResourcesBuildPhase section */
		FC9632EF276863A1006C891C /* Resources */ = {
			isa = PBXResourcesBuildPhase;
			buildActionMask = 2147483647;
			files = (
				FC963301276863A2006C891C /* LaunchScreen.storyboard in Resources */,
				FC9632FE276863A2006C891C /* Assets.xcassets in Resources */,
				FC9632FC276863A1006C891C /* Main.storyboard in Resources */,
			);
			runOnlyForDeploymentPostprocessing = 0;
		};
/* End PBXResourcesBuildPhase section */

/* Begin PBXSourcesBuildPhase section */
		FC9632ED276863A1006C891C /* Sources */ = {
			isa = PBXSourcesBuildPhase;
			buildActionMask = 2147483647;
			files = (
				FC9632F9276863A1006C891C /* LoginViewController.swift in Sources */,
				FC9633092768666E006C891C /* WelcomeViewController.swift in Sources */,
				FC9632F5276863A1006C891C /* AppDelegate.swift in Sources */,
				FC162B9D276D1CBE00738380 /* UserModel.swift in Sources */,
				FC25B89F276E1C26001F52B7 /* AboutMeViewController.swift in Sources */,
				FC9632F7276863A1006C891C /* SceneDelegate.swift in Sources */,
			);
			runOnlyForDeploymentPostprocessing = 0;
		};
/* End PBXSourcesBuildPhase section */

/* Begin PBXVariantGroup section */
		FC9632FA276863A1006C891C /* Main.storyboard */ = {
			isa = PBXVariantGroup;
			children = (
				FC9632FB276863A1006C891C /* Base */,
			);
			name = Main.storyboard;
			sourceTree = "<group>";
		};
		FC9632FF276863A2006C891C /* LaunchScreen.storyboard */ = {
			isa = PBXVariantGroup;
			children = (
				FC963300276863A2006C891C /* Base */,
			);
			name = LaunchScreen.storyboard;
			sourceTree = "<group>";
		};
/* End PBXVariantGroup section */

/* Begin XCBuildConfiguration section */
		FC963303276863A2006C891C /* Debug */ = {
			isa = XCBuildConfiguration;
			buildSettings = {
				ALWAYS_SEARCH_USER_PATHS = NO;
				CLANG_ANALYZER_NONNULL = YES;
				CLANG_ANALYZER_NUMBER_OBJECT_CONVERSION = YES_AGGRESSIVE;
				CLANG_CXX_LANGUAGE_STANDARD = "gnu++14";
				CLANG_CXX_LIBRARY = "libc++";
				CLANG_ENABLE_MODULES = YES;
				CLANG_ENABLE_OBJC_ARC = YES;
				CLANG_ENABLE_OBJC_WEAK = YES;
				CLANG_WARN_BLOCK_CAPTURE_AUTORELEASING = YES;
				CLANG_WARN_BOOL_CONVERSION = YES;
				CLANG_WARN_COMMA = YES;
				CLANG_WARN_CONSTANT_CONVERSION = YES;
				CLANG_WARN_DEPRECATED_OBJC_IMPLEMENTATIONS = YES;
				CLANG_WARN_DIRECT_OBJC_ISA_USAGE = YES_ERROR;
				CLANG_WARN_DOCUMENTATION_COMMENTS = YES;
				CLANG_WARN_EMPTY_BODY = YES;
				CLANG_WARN_ENUM_CONVERSION = YES;
				CLANG_WARN_INFINITE_RECURSION = YES;
				CLANG_WARN_INT_CONVERSION = YES;
				CLANG_WARN_NON_LITERAL_NULL_CONVERSION = YES;
				CLANG_WARN_OBJC_IMPLICIT_RETAIN_SELF = YES;
				CLANG_WARN_OBJC_LITERAL_CONVERSION = YES;
				CLANG_WARN_OBJC_ROOT_CLASS = YES_ERROR;
				CLANG_WARN_QUOTED_INCLUDE_IN_FRAMEWORK_HEADER = YES;
				CLANG_WARN_RANGE_LOOP_ANALYSIS = YES;
				CLANG_WARN_STRICT_PROTOTYPES = YES;
				CLANG_WARN_SUSPICIOUS_MOVE = YES;
				CLANG_WARN_UNGUARDED_AVAILABILITY = YES_AGGRESSIVE;
				CLANG_WARN_UNREACHABLE_CODE = YES;
				CLANG_WARN__DUPLICATE_METHOD_MATCH = YES;
				COPY_PHASE_STRIP = NO;
				DEBUG_INFORMATION_FORMAT = dwarf;
				ENABLE_STRICT_OBJC_MSGSEND = YES;
				ENABLE_TESTABILITY = YES;
				GCC_C_LANGUAGE_STANDARD = gnu11;
				GCC_DYNAMIC_NO_PIC = NO;
				GCC_NO_COMMON_BLOCKS = YES;
				GCC_OPTIMIZATION_LEVEL = 0;
				GCC_PREPROCESSOR_DEFINITIONS = (
					"DEBUG=1",
					"$(inherited)",
				);
				GCC_WARN_64_TO_32_BIT_CONVERSION = YES;
				GCC_WARN_ABOUT_RETURN_TYPE = YES_ERROR;
				GCC_WARN_UNDECLARED_SELECTOR = YES;
				GCC_WARN_UNINITIALIZED_AUTOS = YES_AGGRESSIVE;
				GCC_WARN_UNUSED_FUNCTION = YES;
				GCC_WARN_UNUSED_VARIABLE = YES;
				IPHONEOS_DEPLOYMENT_TARGET = 14.5;
				MTL_ENABLE_DEBUG_INFO = INCLUDE_SOURCE;
				MTL_FAST_MATH = YES;
				ONLY_ACTIVE_ARCH = YES;
				SDKROOT = iphoneos;
				SWIFT_ACTIVE_COMPILATION_CONDITIONS = DEBUG;
				SWIFT_OPTIMIZATION_LEVEL = "-Onone";
			};
			name = Debug;
		};
		FC963304276863A2006C891C /* Release */ = {
			isa = XCBuildConfiguration;
			buildSettings = {
				ALWAYS_SEARCH_USER_PATHS = NO;
				CLANG_ANALYZER_NONNULL = YES;
				CLANG_ANALYZER_NUMBER_OBJECT_CONVERSION = YES_AGGRESSIVE;
				CLANG_CXX_LANGUAGE_STANDARD = "gnu++14";
				CLANG_CXX_LIBRARY = "libc++";
				CLANG_ENABLE_MODULES = YES;
				CLANG_ENABLE_OBJC_ARC = YES;
				CLANG_ENABLE_OBJC_WEAK = YES;
				CLANG_WARN_BLOCK_CAPTURE_AUTORELEASING = YES;
				CLANG_WARN_BOOL_CONVERSION = YES;
				CLANG_WARN_COMMA = YES;
				CLANG_WARN_CONSTANT_CONVERSION = YES;
				CLANG_WARN_DEPRECATED_OBJC_IMPLEMENTATIONS = YES;
				CLANG_WARN_DIRECT_OBJC_ISA_USAGE = YES_ERROR;
				CLANG_WARN_DOCUMENTATION_COMMENTS = YES;
				CLANG_WARN_EMPTY_BODY = YES;
				CLANG_WARN_ENUM_CONVERSION = YES;
				CLANG_WARN_INFINITE_RECURSION = YES;
				CLANG_WARN_INT_CONVERSION = YES;
				CLANG_WARN_NON_LITERAL_NULL_CONVERSION = YES;
				CLANG_WARN_OBJC_IMPLICIT_RETAIN_SELF = YES;
				CLANG_WARN_OBJC_LITERAL_CONVERSION = YES;
				CLANG_WARN_OBJC_ROOT_CLASS = YES_ERROR;
				CLANG_WARN_QUOTED_INCLUDE_IN_FRAMEWORK_HEADER = YES;
				CLANG_WARN_RANGE_LOOP_ANALYSIS = YES;
				CLANG_WARN_STRICT_PROTOTYPES = YES;
				CLANG_WARN_SUSPICIOUS_MOVE = YES;
				CLANG_WARN_UNGUARDED_AVAILABILITY = YES_AGGRESSIVE;
				CLANG_WARN_UNREACHABLE_CODE = YES;
				CLANG_WARN__DUPLICATE_METHOD_MATCH = YES;
				COPY_PHASE_STRIP = NO;
				DEBUG_INFORMATION_FORMAT = "dwarf-with-dsym";
				ENABLE_NS_ASSERTIONS = NO;
				ENABLE_STRICT_OBJC_MSGSEND = YES;
				GCC_C_LANGUAGE_STANDARD = gnu11;
				GCC_NO_COMMON_BLOCKS = YES;
				GCC_WARN_64_TO_32_BIT_CONVERSION = YES;
				GCC_WARN_ABOUT_RETURN_TYPE = YES_ERROR;
				GCC_WARN_UNDECLARED_SELECTOR = YES;
				GCC_WARN_UNINITIALIZED_AUTOS = YES_AGGRESSIVE;
				GCC_WARN_UNUSED_FUNCTION = YES;
				GCC_WARN_UNUSED_VARIABLE = YES;
				IPHONEOS_DEPLOYMENT_TARGET = 14.5;
				MTL_ENABLE_DEBUG_INFO = NO;
				MTL_FAST_MATH = YES;
				SDKROOT = iphoneos;
				SWIFT_COMPILATION_MODE = wholemodule;
				SWIFT_OPTIMIZATION_LEVEL = "-O";
				VALIDATE_PRODUCT = YES;
			};
			name = Release;
		};
		FC963306276863A2006C891C /* Debug */ = {
			isa = XCBuildConfiguration;
			buildSettings = {
				ASSETCATALOG_COMPILER_APPICON_NAME = AppIcon;
				ASSETCATALOG_COMPILER_GLOBAL_ACCENT_COLOR_NAME = AccentColor;
				CODE_SIGN_STYLE = Automatic;
				DEVELOPMENT_TEAM = 4ARG8W2BQX;
				INFOPLIST_FILE = AuthorizationApp/SupportFiles/Info.plist;
				LD_RUNPATH_SEARCH_PATHS = (
					"$(inherited)",
					"@executable_path/Frameworks",
				);
				PRODUCT_BUNDLE_IDENTIFIER = com.zhukov.AuthorizationApp;
				PRODUCT_NAME = "$(TARGET_NAME)";
				SWIFT_VERSION = 5.0;
				TARGETED_DEVICE_FAMILY = "1,2";
			};
			name = Debug;
		};
		FC963307276863A2006C891C /* Release */ = {
			isa = XCBuildConfiguration;
			buildSettings = {
				ASSETCATALOG_COMPILER_APPICON_NAME = AppIcon;
				ASSETCATALOG_COMPILER_GLOBAL_ACCENT_COLOR_NAME = AccentColor;
				CODE_SIGN_STYLE = Automatic;
				DEVELOPMENT_TEAM = 4ARG8W2BQX;
				INFOPLIST_FILE = AuthorizationApp/SupportFiles/Info.plist;
				LD_RUNPATH_SEARCH_PATHS = (
					"$(inherited)",
					"@executable_path/Frameworks",
				);
				PRODUCT_BUNDLE_IDENTIFIER = com.zhukov.AuthorizationApp;
				PRODUCT_NAME = "$(TARGET_NAME)";
				SWIFT_VERSION = 5.0;
				TARGETED_DEVICE_FAMILY = "1,2";
			};
			name = Release;
		};
/* End XCBuildConfiguration section */

/* Begin XCConfigurationList section */
		FC9632EC276863A1006C891C /* Build configuration list for PBXProject "AuthorizationApp" */ = {
			isa = XCConfigurationList;
			buildConfigurations = (
				FC963303276863A2006C891C /* Debug */,
				FC963304276863A2006C891C /* Release */,
			);
			defaultConfigurationIsVisible = 0;
			defaultConfigurationName = Release;
		};
		FC963305276863A2006C891C /* Build configuration list for PBXNativeTarget "AuthorizationApp" */ = {
			isa = XCConfigurationList;
			buildConfigurations = (
				FC963306276863A2006C891C /* Debug */,
				FC963307276863A2006C891C /* Release */,
			);
			defaultConfigurationIsVisible = 0;
			defaultConfigurationName = Release;
		};
/* End XCConfigurationList section */
	};
	rootObject = FC9632E9276863A1006C891C /* Project object */;
}
